
Microsoft Visual Studio Solution File, Format Version 12.00
# Visual Studio Version 17
VisualStudioVersion = 17.0.31903.59
MinimumVisualStudioVersion = 10.0.40219.1
Project("{FAE04EC0-301F-11D3-BF4B-00C04F79EFBC}") = "SistemaGestionPagos.Domain", "SistemaGestionPagos.Domain\SistemaGestionPagos.Domain.csproj", "{3E5F05AE-B340-4E51-8187-EAA97708DC6D}"
EndProject
Project("{FAE04EC0-301F-11D3-BF4B-00C04F79EFBC}") = "SistemaGestionPagos.Application", "SistemaGestionPagos.Application\SistemaGestionPagos.Application.csproj", "{1A61C47B-19DB-472A-910C-8537054B1792}"
EndProject
Project("{FAE04EC0-301F-11D3-BF4B-00C04F79EFBC}") = "SistemaGestionPagos.Infrastructure", "SistemaGestionPagos.Infrastructure\SistemaGestionPagos.Infrastructure.csproj", "{30685736-0B50-487F-B053-AE9FD0D30C41}"
EndProject
Project("{FAE04EC0-301F-11D3-BF4B-00C04F79EFBC}") = "SistemaGestionPagos.Web", "SistemaGestionPagos.Web\SistemaGestionPagos.Web.csproj", "{7D25E7D3-446F-45DF-B782-504DB6C2F191}"
EndProject
Global
	GlobalSection(SolutionConfigurationPlatforms) = preSolution
		Debug|Any CPU = Debug|Any CPU
		Debug|x64 = Debug|x64
		Debug|x86 = Debug|x86
		Release|Any CPU = Release|Any CPU
		Release|x64 = Release|x64
		Release|x86 = Release|x86
	EndGlobalSection
	GlobalSection(ProjectConfigurationPlatforms) = postSolution
		{3E5F05AE-B340-4E51-8187-EAA97708DC6D}.Debug|Any CPU.ActiveCfg = Debug|Any CPU
		{3E5F05AE-B340-4E51-8187-EAA97708DC6D}.Debug|Any CPU.Build.0 = Debug|Any CPU
		{3E5F05AE-B340-4E51-8187-EAA97708DC6D}.Debug|x64.ActiveCfg = Debug|Any CPU
		{3E5F05AE-B340-4E51-8187-EAA97708DC6D}.Debug|x64.Build.0 = Debug|Any CPU
		{3E5F05AE-B340-4E51-8187-EAA97708DC6D}.Debug|x86.ActiveCfg = Debug|Any CPU
		{3E5F05AE-B340-4E51-8187-EAA97708DC6D}.Debug|x86.Build.0 = Debug|Any CPU
		{3E5F05AE-B340-4E51-8187-EAA97708DC6D}.Release|Any CPU.ActiveCfg = Release|Any CPU
		{3E5F05AE-B340-4E51-8187-EAA97708DC6D}.Release|Any CPU.Build.0 = Release|Any CPU
		{3E5F05AE-B340-4E51-8187-EAA97708DC6D}.Release|x64.ActiveCfg = Release|Any CPU
		{3E5F05AE-B340-4E51-8187-EAA97708DC6D}.Release|x64.Build.0 = Release|Any CPU
		{3E5F05AE-B340-4E51-8187-EAA97708DC6D}.Release|x86.ActiveCfg = Release|Any CPU
		{3E5F05AE-B340-4E51-8187-EAA97708DC6D}.Release|x86.Build.0 = Release|Any CPU
		{1A61C47B-19DB-472A-910C-8537054B1792}.Debug|Any CPU.ActiveCfg = Debug|Any CPU
		{1A61C47B-19DB-472A-910C-8537054B1792}.Debug|Any CPU.Build.0 = Debug|Any CPU
		{1A61C47B-19DB-472A-910C-8537054B1792}.Debug|x64.ActiveCfg = Debug|Any CPU
		{1A61C47B-19DB-472A-910C-8537054B1792}.Debug|x64.Build.0 = Debug|Any CPU
		{1A61C47B-19DB-472A-910C-8537054B1792}.Debug|x86.ActiveCfg = Debug|Any CPU
		{1A61C47B-19DB-472A-910C-8537054B1792}.Debug|x86.Build.0 = Debug|Any CPU
		{1A61C47B-19DB-472A-910C-8537054B1792}.Release|Any CPU.ActiveCfg = Release|Any CPU
		{1A61C47B-19DB-472A-910C-8537054B1792}.Release|Any CPU.Build.0 = Release|Any CPU
		{1A61C47B-19DB-472A-910C-8537054B1792}.Release|x64.ActiveCfg = Release|Any CPU
		{1A61C47B-19DB-472A-910C-8537054B1792}.Release|x64.Build.0 = Release|Any CPU
		{1A61C47B-19DB-472A-910C-8537054B1792}.Release|x86.ActiveCfg = Release|Any CPU
		{1A61C47B-19DB-472A-910C-8537054B1792}.Release|x86.Build.0 = Release|Any CPU
		{30685736-0B50-487F-B053-AE9FD0D30C41}.Debug|Any CPU.ActiveCfg = Debug|Any CPU
		{30685736-0B50-487F-B053-AE9FD0D30C41}.Debug|Any CPU.Build.0 = Debug|Any CPU
		{30685736-0B50-487F-B053-AE9FD0D30C41}.Debug|x64.ActiveCfg = Debug|Any CPU
		{30685736-0B50-487F-B053-AE9FD0D30C41}.Debug|x64.Build.0 = Debug|Any CPU
		{30685736-0B50-487F-B053-AE9FD0D30C41}.Debug|x86.ActiveCfg = Debug|Any CPU
		{30685736-0B50-487F-B053-AE9FD0D30C41}.Debug|x86.Build.0 = Debug|Any CPU
		{30685736-0B50-487F-B053-AE9FD0D30C41}.Release|Any CPU.ActiveCfg = Release|Any CPU
		{30685736-0B50-487F-B053-AE9FD0D30C41}.Release|Any CPU.Build.0 = Release|Any CPU
		{30685736-0B50-487F-B053-AE9FD0D30C41}.Release|x64.ActiveCfg = Release|Any CPU
		{30685736-0B50-487F-B053-AE9FD0D30C41}.Release|x64.Build.0 = Release|Any CPU
		{30685736-0B50-487F-B053-AE9FD0D30C41}.Release|x86.ActiveCfg = Release|Any CPU
		{30685736-0B50-487F-B053-AE9FD0D30C41}.Release|x86.Build.0 = Release|Any CPU
		{7D25E7D3-446F-45DF-B782-504DB6C2F191}.Debug|Any CPU.ActiveCfg = Debug|Any CPU
		{7D25E7D3-446F-45DF-B782-504DB6C2F191}.Debug|Any CPU.Build.0 = Debug|Any CPU
		{7D25E7D3-446F-45DF-B782-504DB6C2F191}.Debug|x64.ActiveCfg = Debug|Any CPU
		{7D25E7D3-446F-45DF-B782-504DB6C2F191}.Debug|x64.Build.0 = Debug|Any CPU
		{7D25E7D3-446F-45DF-B782-504DB6C2F191}.Debug|x86.ActiveCfg = Debug|Any CPU
		{7D25E7D3-446F-45DF-B782-504DB6C2F191}.Debug|x86.Build.0 = Debug|Any CPU
		{7D25E7D3-446F-45DF-B782-504DB6C2F191}.Release|Any CPU.ActiveCfg = Release|Any CPU
		{7D25E7D3-446F-45DF-B782-504DB6C2F191}.Release|Any CPU.Build.0 = Release|Any CPU
		{7D25E7D3-446F-45DF-B782-504DB6C2F191}.Release|x64.ActiveCfg = Release|Any CPU
		{7D25E7D3-446F-45DF-B782-504DB6C2F191}.Release|x64.Build.0 = Release|Any CPU
		{7D25E7D3-446F-45DF-B782-504DB6C2F191}.Release|x86.ActiveCfg = Release|Any CPU
		{7D25E7D3-446F-45DF-B782-504DB6C2F191}.Release|x86.Build.0 = Release|Any CPU
	EndGlobalSection
	GlobalSection(SolutionProperties) = preSolution
		HideSolutionNode = FALSE
	EndGlobalSection
EndGlobal
